{
  "version": 4,
  "terraform_version": "1.1.9",
  "serial": 329,
  "lineage": "3643ad70-1efd-e127-166e-c784dffedb7f",
  "outputs": {},
  "resources": [
    {
      "mode": "data",
      "type": "archive_file",
      "name": "provisioning_lambda_archive",
      "provider": "provider[\"registry.terraform.io/hashicorp/archive\"]",
      "instances": [
        {
          "schema_version": 0,
          "attributes": {
            "excludes": null,
            "id": "474f5396f147e99662b935eecf032b194d08ff18",
            "output_base64sha256": "s2cEXXt4OezX+d7J8De/1UuylQ77TbZu2euB4jM0Rtk=",
            "output_file_mode": null,
            "output_md5": "dee64ad529e57eb5d001cf6ecf39fe9d",
            "output_path": "Provisioning_Lambda.zip",
            "output_sha": "474f5396f147e99662b935eecf032b194d08ff18",
            "output_size": 292,
            "source": [],
            "source_content": null,
            "source_content_filename": null,
            "source_dir": null,
            "source_file": "Provisioning_Lambda.py",
            "type": "zip"
          },
          "sensitive_attributes": []
        }
      ]
    },
    {
      "mode": "data",
      "type": "archive_file",
      "name": "publisher_lambda_archive",
      "provider": "provider[\"registry.terraform.io/hashicorp/archive\"]",
      "instances": [
        {
          "schema_version": 0,
          "attributes": {
            "excludes": null,
            "id": "657e84d52c847d38a1d11c2372bca94bd5a5a74b",
            "output_base64sha256": "0vLBkibRV+Brio1Iqn01o67OwW19+x86sGXEzINjpoY=",
            "output_file_mode": null,
            "output_md5": "d9b4832a8234fe7cc0aa67ecb7059f8d",
            "output_path": "Publisher_Lambda.zip",
            "output_sha": "657e84d52c847d38a1d11c2372bca94bd5a5a74b",
            "output_size": 286,
            "source": [],
            "source_content": null,
            "source_content_filename": null,
            "source_dir": null,
            "source_file": "Publisher_Lambda.py",
            "type": "zip"
          },
          "sensitive_attributes": []
        }
      ]
    },
    {
      "mode": "data",
      "type": "archive_file",
      "name": "reprovisioning_lambda_archive",
      "provider": "provider[\"registry.terraform.io/hashicorp/archive\"]",
      "instances": [
        {
          "schema_version": 0,
          "attributes": {
            "excludes": null,
            "id": "9d1f74bc0f30023bd1743979a857d51bb12b4d52",
            "output_base64sha256": "U8TEeNwRJpc9jk5hwCzTO0C/1RV838cFkeeciWoAf+I=",
            "output_file_mode": null,
            "output_md5": "e950086677f657756d809b5a60d3aead",
            "output_path": "Reprovisioning_Lambda.zip",
            "output_sha": "9d1f74bc0f30023bd1743979a857d51bb12b4d52",
            "output_size": 296,
            "source": [],
            "source_content": null,
            "source_content_filename": null,
            "source_dir": null,
            "source_file": "Reprovisioning_Lambda.py",
            "type": "zip"
          },
          "sensitive_attributes": []
        }
      ]
    },
    {
      "mode": "managed",
      "type": "aws_api_gateway_integration",
      "name": "publisher_lambda_integration",
      "provider": "provider[\"registry.terraform.io/hashicorp/aws\"]",
      "instances": [
        {
          "schema_version": 0,
          "attributes": {
            "cache_key_parameters": [],
            "cache_namespace": "zifaef",
            "connection_id": "",
            "connection_type": "INTERNET",
            "content_handling": "",
            "credentials": "",
            "http_method": "POST",
            "id": "agi-llrkml6kgg-zifaef-POST",
            "integration_http_method": "POST",
            "passthrough_behavior": "WHEN_NO_MATCH",
            "request_parameters": {},
            "request_templates": {},
            "resource_id": "zifaef",
            "rest_api_id": "llrkml6kgg",
            "timeout_milliseconds": 29000,
            "tls_config": [],
            "type": "AWS_PROXY",
            "uri": "arn:aws:apigateway:eu-west-1:lambda:path/2015-03-31/functions/arn:aws:lambda:eu-west-1:414399442808:function:rbac-dev-feeder/invocations"
          },
          "sensitive_attributes": [],
          "private": "bnVsbA==",
          "dependencies": [
            "aws_api_gateway_method.publisher_lambda_method",
            "aws_api_gateway_resource.publisher_lambda_resource",
            "aws_api_gateway_rest_api.api_1",
            "aws_iam_role.Publisher_and_Reprovisioning_Lambdas_Role",
            "aws_lambda_function.publisher_lambda_func"
          ]
        }
      ]
    },
    {
      "mode": "managed",
      "type": "aws_api_gateway_integration",
      "name": "reprovisioning_lambda_integration",
      "provider": "provider[\"registry.terraform.io/hashicorp/aws\"]",
      "instances": [
        {
          "schema_version": 0,
          "attributes": {
            "cache_key_parameters": [],
            "cache_namespace": "g6vv7f",
            "connection_id": "",
            "connection_type": "INTERNET",
            "content_handling": "",
            "credentials": "",
            "http_method": "POST",
            "id": "agi-llrkml6kgg-g6vv7f-POST",
            "integration_http_method": "POST",
            "passthrough_behavior": "WHEN_NO_MATCH",
            "request_parameters": {},
            "request_templates": {},
            "resource_id": "g6vv7f",
            "rest_api_id": "llrkml6kgg",
            "timeout_milliseconds": 29000,
            "tls_config": [],
            "type": "AWS_PROXY",
            "uri": "arn:aws:apigateway:eu-west-1:lambda:path/2015-03-31/functions/arn:aws:lambda:eu-west-1:414399442808:function:rbac-dev-reprovisioning/invocations"
          },
          "sensitive_attributes": [],
          "private": "bnVsbA==",
          "dependencies": [
            "aws_api_gateway_method.reprovisioning_lambda_method",
            "aws_api_gateway_resource.reprovisioning_lambda_resource",
            "aws_api_gateway_rest_api.api_1",
            "aws_iam_role.Publisher_and_Reprovisioning_Lambdas_Role",
            "aws_lambda_function.reprovisioning_lambda_func"
          ]
        }
      ]
    },
    {
      "mode": "managed",
      "type": "aws_api_gateway_integration_response",
      "name": "publisher_IntegrationResponse",
      "provider": "provider[\"registry.terraform.io/hashicorp/aws\"]",
      "instances": [
        {
          "schema_version": 0,
          "attributes": {
            "content_handling": "",
            "http_method": "POST",
            "id": "agir-llrkml6kgg-zifaef-POST-200",
            "resource_id": "zifaef",
            "response_parameters": {},
            "response_templates": {
              "application/json": ""
            },
            "rest_api_id": "llrkml6kgg",
            "selection_pattern": "",
            "status_code": "200"
          },
          "sensitive_attributes": [],
          "private": "bnVsbA==",
          "dependencies": [
            "aws_api_gateway_method.publisher_lambda_method",
            "aws_api_gateway_resource.publisher_lambda_resource",
            "aws_api_gateway_rest_api.api_1"
          ]
        }
      ]
    },
    {
      "mode": "managed",
      "type": "aws_api_gateway_integration_response",
      "name": "reprovisioning_IntegrationResponse",
      "provider": "provider[\"registry.terraform.io/hashicorp/aws\"]",
      "instances": [
        {
          "schema_version": 0,
          "attributes": {
            "content_handling": "",
            "http_method": "POST",
            "id": "agir-llrkml6kgg-g6vv7f-POST-200",
            "resource_id": "g6vv7f",
            "response_parameters": {},
            "response_templates": {
              "application/json": ""
            },
            "rest_api_id": "llrkml6kgg",
            "selection_pattern": "",
            "status_code": "200"
          },
          "sensitive_attributes": [],
          "private": "bnVsbA==",
          "dependencies": [
            "aws_api_gateway_method.reprovisioning_lambda_method",
            "aws_api_gateway_resource.reprovisioning_lambda_resource",
            "aws_api_gateway_rest_api.api_1"
          ]
        }
      ]
    },
    {
      "mode": "managed",
      "type": "aws_api_gateway_method",
      "name": "publisher_lambda_method",
      "provider": "provider[\"registry.terraform.io/hashicorp/aws\"]",
      "instances": [
        {
          "schema_version": 0,
          "attributes": {
            "api_key_required": true,
            "authorization": "NONE",
            "authorization_scopes": [],
            "authorizer_id": "",
            "http_method": "POST",
            "id": "agm-llrkml6kgg-zifaef-POST",
            "operation_name": "",
            "request_models": {},
            "request_parameters": {},
            "request_validator_id": "",
            "resource_id": "zifaef",
            "rest_api_id": "llrkml6kgg"
          },
          "sensitive_attributes": [],
          "private": "bnVsbA==",
          "dependencies": [
            "aws_api_gateway_resource.publisher_lambda_resource",
            "aws_api_gateway_rest_api.api_1"
          ]
        }
      ]
    },
    {
      "mode": "managed",
      "type": "aws_api_gateway_method",
      "name": "reprovisioning_lambda_method",
      "provider": "provider[\"registry.terraform.io/hashicorp/aws\"]",
      "instances": [
        {
          "schema_version": 0,
          "attributes": {
            "api_key_required": true,
            "authorization": "NONE",
            "authorization_scopes": [],
            "authorizer_id": "",
            "http_method": "POST",
            "id": "agm-llrkml6kgg-g6vv7f-POST",
            "operation_name": "",
            "request_models": {},
            "request_parameters": {},
            "request_validator_id": "",
            "resource_id": "g6vv7f",
            "rest_api_id": "llrkml6kgg"
          },
          "sensitive_attributes": [],
          "private": "bnVsbA==",
          "dependencies": [
            "aws_api_gateway_resource.reprovisioning_lambda_resource",
            "aws_api_gateway_rest_api.api_1"
          ]
        }
      ]
    },
    {
      "mode": "managed",
      "type": "aws_api_gateway_method_response",
      "name": "publisher_lambda_response_200",
      "provider": "provider[\"registry.terraform.io/hashicorp/aws\"]",
      "instances": [
        {
          "schema_version": 0,
          "attributes": {
            "http_method": "POST",
            "id": "agmr-llrkml6kgg-zifaef-POST-200",
            "resource_id": "zifaef",
            "response_models": {
              "application/json": "Empty"
            },
            "response_parameters": {},
            "rest_api_id": "llrkml6kgg",
            "status_code": "200"
          },
          "sensitive_attributes": [],
          "private": "bnVsbA==",
          "dependencies": [
            "aws_api_gateway_method.publisher_lambda_method",
            "aws_api_gateway_resource.publisher_lambda_resource",
            "aws_api_gateway_rest_api.api_1"
          ]
        }
      ]
    },
    {
      "mode": "managed",
      "type": "aws_api_gateway_method_response",
      "name": "reprovisioning_lambda_response_200",
      "provider": "provider[\"registry.terraform.io/hashicorp/aws\"]",
      "instances": [
        {
          "schema_version": 0,
          "attributes": {
            "http_method": "POST",
            "id": "agmr-llrkml6kgg-g6vv7f-POST-200",
            "resource_id": "g6vv7f",
            "response_models": {
              "application/json": "Empty"
            },
            "response_parameters": {},
            "rest_api_id": "llrkml6kgg",
            "status_code": "200"
          },
          "sensitive_attributes": [],
          "private": "bnVsbA==",
          "dependencies": [
            "aws_api_gateway_method.reprovisioning_lambda_method",
            "aws_api_gateway_resource.reprovisioning_lambda_resource",
            "aws_api_gateway_rest_api.api_1"
          ]
        }
      ]
    },
    {
      "mode": "managed",
      "type": "aws_api_gateway_resource",
      "name": "publisher_lambda_resource",
      "provider": "provider[\"registry.terraform.io/hashicorp/aws\"]",
      "instances": [
        {
          "schema_version": 0,
          "attributes": {
            "id": "zifaef",
            "parent_id": "gfjpf171gi",
            "path": "/provision",
            "path_part": "provision",
            "rest_api_id": "llrkml6kgg"
          },
          "sensitive_attributes": [],
          "private": "bnVsbA==",
          "dependencies": [
            "aws_api_gateway_rest_api.api_1"
          ]
        }
      ]
    },
    {
      "mode": "managed",
      "type": "aws_api_gateway_resource",
      "name": "reprovisioning_lambda_resource",
      "provider": "provider[\"registry.terraform.io/hashicorp/aws\"]",
      "instances": [
        {
          "schema_version": 0,
          "attributes": {
            "id": "g6vv7f",
            "parent_id": "gfjpf171gi",
            "path": "/reprovision",
            "path_part": "reprovision",
            "rest_api_id": "llrkml6kgg"
          },
          "sensitive_attributes": [],
          "private": "bnVsbA==",
          "dependencies": [
            "aws_api_gateway_rest_api.api_1"
          ]
        }
      ]
    },
    {
      "mode": "managed",
      "type": "aws_api_gateway_rest_api",
      "name": "api_1",
      "provider": "provider[\"registry.terraform.io/hashicorp/aws\"]",
      "instances": [
        {
          "schema_version": 0,
          "attributes": {
            "api_key_source": "HEADER",
            "arn": "arn:aws:apigateway:eu-west-1::/restapis/llrkml6kgg",
            "binary_media_types": [],
            "body": null,
            "created_date": "2022-05-12T09:27:27Z",
            "description": "",
            "disable_execute_api_endpoint": false,
            "endpoint_configuration": [
              {
                "types": [
                  "REGIONAL"
                ],
                "vpc_endpoint_ids": []
              }
            ],
            "execution_arn": "arn:aws:execute-api:eu-west-1:414399442808:llrkml6kgg",
            "id": "llrkml6kgg",
            "minimum_compression_size": -1,
            "name": "rbac-dev",
            "parameters": null,
            "policy": "",
            "root_resource_id": "gfjpf171gi",
            "tags": {},
            "tags_all": {}
          },
          "sensitive_attributes": [],
          "private": "bnVsbA=="
        }
      ]
    },
    {
      "mode": "managed",
      "type": "aws_iam_policy",
      "name": "cloudwatchlogs_access_policy",
      "provider": "provider[\"registry.terraform.io/hashicorp/aws\"]",
      "instances": [
        {
          "schema_version": 0,
          "attributes": {
            "arn": "arn:aws:iam::414399442808:policy/cloudwatchlogs_full_access_policy",
            "description": "policy for create, write CloudWatch logs Access",
            "id": "arn:aws:iam::414399442808:policy/cloudwatchlogs_full_access_policy",
            "name": "cloudwatchlogs_full_access_policy",
            "name_prefix": null,
            "path": "/",
            "policy": "{\"Statement\":[{\"Action\":[\"logs:CreateLogGroup\",\"logs:CreateLogStream\",\"logs:PutLogEvents\"],\"Effect\":\"Allow\",\"Resource\":\"arn:aws:logs:*:*:*\"}],\"Version\":\"2012-10-17\"}",
            "policy_id": "ANPAWA7BBV54FOOXYDX7B",
            "tags": null,
            "tags_all": {}
          },
          "sensitive_attributes": [],
          "private": "bnVsbA=="
        }
      ]
    },
    {
      "mode": "managed",
      "type": "aws_iam_policy",
      "name": "s3_access_policy",
      "provider": "provider[\"registry.terraform.io/hashicorp/aws\"]",
      "instances": [
        {
          "schema_version": 0,
          "attributes": {
            "arn": "arn:aws:iam::414399442808:policy/s3_full_access_policy",
            "description": "policy for read, write S3 Access",
            "id": "arn:aws:iam::414399442808:policy/s3_full_access_policy",
            "name": "s3_full_access_policy",
            "name_prefix": null,
            "path": "/",
            "policy": "{\"Statement\":[{\"Action\":\"s3:ListBucket\",\"Effect\":\"Allow\",\"Resource\":\"arn:aws:s3:::rbac-businessrole-mappings-1\",\"Sid\":\"ListObjectsInBucket\"},{\"Action\":\"s3:*Object\",\"Effect\":\"Allow\",\"Resource\":\"arn:aws:s3:::rbac-businessrole-mappings-1/*\",\"Sid\":\"AllObjectActions\"}],\"Version\":\"2012-10-17\"}",
            "policy_id": "ANPAWA7BBV54NM55MS7TJ",
            "tags": null,
            "tags_all": {}
          },
          "sensitive_attributes": [],
          "private": "bnVsbA==",
          "dependencies": [
            "aws_s3_bucket.rbac_s3_bucket"
          ]
        }
      ]
    },
    {
      "mode": "managed",
      "type": "aws_iam_policy",
      "name": "sqs_access_policy",
      "provider": "provider[\"registry.terraform.io/hashicorp/aws\"]",
      "instances": [
        {
          "schema_version": 0,
          "attributes": {
            "arn": "arn:aws:iam::414399442808:policy/sqs_full_access_policy",
            "description": "policy for read, write SQS Access",
            "id": "arn:aws:iam::414399442808:policy/sqs_full_access_policy",
            "name": "sqs_full_access_policy",
            "name_prefix": null,
            "path": "/",
            "policy": "{\"Statement\":[{\"Action\":[\"sqs:SendMessage\",\"sqs:GetQueueAttributes\",\"sqs:GetQueueUrl\",\"sqs:ListDeadLetterSourceQueues\",\"sqs:ListQueues\"],\"Effect\":\"Allow\",\"Resource\":\"arn:aws:sqs:eu-west-1:414399442808:rbac-dev-provisioning-queue.fifo\"}],\"Version\":\"2012-10-17\"}",
            "policy_id": "ANPAWA7BBV54GKHCG2S7S",
            "tags": null,
            "tags_all": {}
          },
          "sensitive_attributes": [],
          "private": "bnVsbA==",
          "dependencies": [
            "aws_sqs_queue.sqs_queue"
          ]
        }
      ]
    },
    {
      "mode": "managed",
      "type": "aws_iam_policy_attachment",
      "name": "S3_policy_attachment",
      "provider": "provider[\"registry.terraform.io/hashicorp/aws\"]",
      "instances": [
        {
          "schema_version": 0,
          "attributes": {
            "groups": null,
            "id": "s3_policy_attachment",
            "name": "s3_policy_attachment",
            "policy_arn": "arn:aws:iam::414399442808:policy/s3_full_access_policy",
            "roles": [
              "rbac_provisioning_lambda_role"
            ],
            "users": null
          },
          "sensitive_attributes": [],
          "private": "bnVsbA==",
          "dependencies": [
            "aws_iam_policy.s3_access_policy",
            "aws_iam_role.provisioning_lambda_Role",
            "aws_s3_bucket.rbac_s3_bucket"
          ]
        }
      ]
    },
    {
      "mode": "managed",
      "type": "aws_iam_policy_attachment",
      "name": "SQS_policy_attachment",
      "provider": "provider[\"registry.terraform.io/hashicorp/aws\"]",
      "instances": [
        {
          "schema_version": 0,
          "attributes": {
            "groups": null,
            "id": "sqs_policy_attachment",
            "name": "sqs_policy_attachment",
            "policy_arn": "arn:aws:iam::414399442808:policy/sqs_full_access_policy",
            "roles": [
              "rbac_provisioning_lambda_role"
            ],
            "users": null
          },
          "sensitive_attributes": [],
          "private": "bnVsbA==",
          "dependencies": [
            "aws_iam_policy.sqs_access_policy",
            "aws_iam_role.provisioning_lambda_Role",
            "aws_sqs_queue.sqs_queue"
          ]
        }
      ]
    },
    {
      "mode": "managed",
      "type": "aws_iam_policy_attachment",
      "name": "policy_attachment_CWlogs",
      "provider": "provider[\"registry.terraform.io/hashicorp/aws\"]",
      "instances": [
        {
          "schema_version": 0,
          "attributes": {
            "groups": null,
            "id": "policy_attachment_CWlogs",
            "name": "policy_attachment_CWlogs",
            "policy_arn": "arn:aws:iam::414399442808:policy/cloudwatchlogs_full_access_policy",
            "roles": [
              "rbac_lambda_access_to_sqs"
            ],
            "users": null
          },
          "sensitive_attributes": [],
          "private": "bnVsbA==",
          "dependencies": [
            "aws_iam_policy.cloudwatchlogs_access_policy",
            "aws_iam_role.Publisher_and_Reprovisioning_Lambdas_Role"
          ]
        }
      ]
    },
    {
      "mode": "managed",
      "type": "aws_iam_policy_attachment",
      "name": "policy_attachment_sqs",
      "provider": "provider[\"registry.terraform.io/hashicorp/aws\"]",
      "instances": [
        {
          "schema_version": 0,
          "attributes": {
            "groups": null,
            "id": "policy_attachment_SQS",
            "name": "policy_attachment_SQS",
            "policy_arn": "arn:aws:iam::414399442808:policy/sqs_full_access_policy",
            "roles": [
              "rbac_lambda_access_to_sqs"
            ],
            "users": null
          },
          "sensitive_attributes": [],
          "private": "bnVsbA==",
          "dependencies": [
            "aws_iam_policy.sqs_access_policy",
            "aws_iam_role.Publisher_and_Reprovisioning_Lambdas_Role",
            "aws_sqs_queue.sqs_queue"
          ]
        }
      ]
    },
    {
      "mode": "managed",
      "type": "aws_iam_role",
      "name": "Publisher_and_Reprovisioning_Lambdas_Role",
      "provider": "provider[\"registry.terraform.io/hashicorp/aws\"]",
      "instances": [
        {
          "schema_version": 0,
          "attributes": {
            "arn": "arn:aws:iam::414399442808:role/rbac_lambda_access_to_sqs",
            "assume_role_policy": "{\"Version\":\"2012-10-17\",\"Statement\":[{\"Sid\":\"\",\"Effect\":\"Allow\",\"Principal\":{\"Service\":\"lambda.amazonaws.com\"},\"Action\":\"sts:AssumeRole\"}]}",
            "create_date": "2022-05-13T11:26:07Z",
            "description": "",
            "force_detach_policies": false,
            "id": "rbac_lambda_access_to_sqs",
            "inline_policy": [
              {
                "name": "",
                "policy": ""
              }
            ],
            "managed_policy_arns": [
              "arn:aws:iam::414399442808:policy/cloudwatchlogs_full_access_policy",
              "arn:aws:iam::414399442808:policy/sqs_full_access_policy"
            ],
            "max_session_duration": 3600,
            "name": "rbac_lambda_access_to_sqs",
            "name_prefix": "",
            "path": "/",
            "permissions_boundary": null,
            "tags": {},
            "tags_all": {},
            "unique_id": "AROAWA7BBV54EIV6EN7WU"
          },
          "sensitive_attributes": [],
          "private": "bnVsbA=="
        }
      ]
    },
    {
      "mode": "managed",
      "type": "aws_iam_role",
      "name": "provisioning_lambda_Role",
      "provider": "provider[\"registry.terraform.io/hashicorp/aws\"]",
      "instances": [
        {
          "schema_version": 0,
          "attributes": {
            "arn": "arn:aws:iam::414399442808:role/rbac_provisioning_lambda_role",
            "assume_role_policy": "{\"Version\":\"2012-10-17\",\"Statement\":[{\"Sid\":\"\",\"Effect\":\"Allow\",\"Principal\":{\"Service\":\"lambda.amazonaws.com\"},\"Action\":\"sts:AssumeRole\"}]}",
            "create_date": "2022-05-13T11:27:04Z",
            "description": "",
            "force_detach_policies": false,
            "id": "rbac_provisioning_lambda_role",
            "inline_policy": [
              {
                "name": "",
                "policy": ""
              }
            ],
            "managed_policy_arns": [
              "arn:aws:iam::414399442808:policy/s3_full_access_policy",
              "arn:aws:iam::414399442808:policy/sqs_full_access_policy"
            ],
            "max_session_duration": 3600,
            "name": "rbac_provisioning_lambda_role",
            "name_prefix": "",
            "path": "/",
            "permissions_boundary": null,
            "tags": {},
            "tags_all": {},
            "unique_id": "AROAWA7BBV54CYLYR3BUC"
          },
          "sensitive_attributes": [],
          "private": "bnVsbA=="
        }
      ]
    },
    {
      "mode": "managed",
      "type": "aws_lambda_event_source_mapping",
      "name": "event_source_mapping",
      "provider": "provider[\"registry.terraform.io/hashicorp/aws\"]",
      "instances": [
        {
          "schema_version": 0,
          "attributes": {
            "batch_size": 1,
            "bisect_batch_on_function_error": false,
            "destination_config": [],
            "enabled": true,
            "event_source_arn": "arn:aws:sqs:eu-west-1:414399442808:rbac-dev-provisioning-queue.fifo",
            "filter_criteria": [],
            "function_arn": "arn:aws:lambda:eu-west-1:414399442808:function:rbac-dev-provisioning",
            "function_name": "arn:aws:lambda:eu-west-1:414399442808:function:rbac-dev-provisioning",
            "function_response_types": [],
            "id": "bbfd1bc5-5dc2-4d59-9467-7d2086fc4e61",
            "last_modified": "2022-05-16T12:04:18Z",
            "last_processing_result": "",
            "maximum_batching_window_in_seconds": 0,
            "maximum_record_age_in_seconds": 0,
            "maximum_retry_attempts": 0,
            "parallelization_factor": 0,
            "queues": [],
            "self_managed_event_source": [],
            "source_access_configuration": [],
            "starting_position": "",
            "starting_position_timestamp": "",
            "state": "Enabled",
            "state_transition_reason": "USER_INITIATED",
            "topics": [],
            "tumbling_window_in_seconds": 0,
            "uuid": "bbfd1bc5-5dc2-4d59-9467-7d2086fc4e61"
          },
          "sensitive_attributes": [],
          "private": "bnVsbA==",
          "dependencies": [
            "aws_iam_role.provisioning_lambda_Role",
            "aws_lambda_function.provisioning_lambda_func",
            "aws_sqs_queue.deadletter_queue",
            "aws_sqs_queue.sqs_queue"
          ]
        }
      ]
    },
    {
      "mode": "managed",
      "type": "aws_lambda_function",
      "name": "provisioning_lambda_func",
      "provider": "provider[\"registry.terraform.io/hashicorp/aws\"]",
      "instances": [
        {
          "schema_version": 0,
          "attributes": {
            "architectures": [
              "x86_64"
            ],
            "arn": "arn:aws:lambda:eu-west-1:414399442808:function:rbac-dev-provisioning",
            "code_signing_config_arn": "",
            "dead_letter_config": [],
            "description": "",
            "environment": [],
            "ephemeral_storage": [
              {
                "size": 512
              }
            ],
            "file_system_config": [],
            "filename": "Provisioning_Lambda.zip",
            "function_name": "rbac-dev-provisioning",
            "handler": "index.handler",
            "id": "rbac-dev-provisioning",
            "image_config": [],
            "image_uri": "",
            "invoke_arn": "arn:aws:apigateway:eu-west-1:lambda:path/2015-03-31/functions/arn:aws:lambda:eu-west-1:414399442808:function:rbac-dev-provisioning/invocations",
            "kms_key_arn": "",
            "last_modified": "2022-05-13T11:27:14.000+0000",
            "layers": [],
            "memory_size": 128,
            "package_type": "Zip",
            "publish": false,
            "qualified_arn": "arn:aws:lambda:eu-west-1:414399442808:function:rbac-dev-provisioning:$LATEST",
            "reserved_concurrent_executions": -1,
            "role": "arn:aws:iam::414399442808:role/rbac_provisioning_lambda_role",
            "runtime": "python3.8",
            "s3_bucket": null,
            "s3_key": null,
            "s3_object_version": null,
            "signing_job_arn": "",
            "signing_profile_version_arn": "",
            "source_code_hash": "s2cEXXt4OezX+d7J8De/1UuylQ77TbZu2euB4jM0Rtk=",
            "source_code_size": 292,
            "tags": {},
            "tags_all": {},
            "timeout": 3,
            "timeouts": null,
            "tracing_config": [
              {
                "mode": "PassThrough"
              }
            ],
            "version": "$LATEST",
            "vpc_config": []
          },
          "sensitive_attributes": [],
          "private": "eyJlMmJmYjczMC1lY2FhLTExZTYtOGY4OC0zNDM2M2JjN2M0YzAiOnsiY3JlYXRlIjo2MDAwMDAwMDAwMDB9fQ==",
          "dependencies": [
            "aws_iam_role.provisioning_lambda_Role"
          ]
        }
      ]
    },
    {
      "mode": "managed",
      "type": "aws_lambda_function",
      "name": "publisher_lambda_func",
      "provider": "provider[\"registry.terraform.io/hashicorp/aws\"]",
      "instances": [
        {
          "schema_version": 0,
          "attributes": {
            "architectures": [
              "x86_64"
            ],
            "arn": "arn:aws:lambda:eu-west-1:414399442808:function:rbac-dev-feeder",
            "code_signing_config_arn": "",
            "dead_letter_config": [],
            "description": "",
            "environment": [],
            "ephemeral_storage": [
              {
                "size": 512
              }
            ],
            "file_system_config": [],
            "filename": "Publisher_Lambda.zip",
            "function_name": "rbac-dev-feeder",
            "handler": "index.handler",
            "id": "rbac-dev-feeder",
            "image_config": [],
            "image_uri": "",
            "invoke_arn": "arn:aws:apigateway:eu-west-1:lambda:path/2015-03-31/functions/arn:aws:lambda:eu-west-1:414399442808:function:rbac-dev-feeder/invocations",
            "kms_key_arn": "",
            "last_modified": "2022-05-16T12:04:18.676+0000",
            "layers": [],
            "memory_size": 128,
            "package_type": "Zip",
            "publish": false,
            "qualified_arn": "arn:aws:lambda:eu-west-1:414399442808:function:rbac-dev-feeder:$LATEST",
            "reserved_concurrent_executions": -1,
            "role": "arn:aws:iam::414399442808:role/rbac_lambda_access_to_sqs",
            "runtime": "python3.8",
            "s3_bucket": null,
            "s3_key": null,
            "s3_object_version": null,
            "signing_job_arn": "",
            "signing_profile_version_arn": "",
            "source_code_hash": "0vLBkibRV+Brio1Iqn01o67OwW19+x86sGXEzINjpoY=",
            "source_code_size": 286,
            "tags": {},
            "tags_all": {},
            "timeout": 3,
            "timeouts": null,
            "tracing_config": [
              {
                "mode": "PassThrough"
              }
            ],
            "version": "$LATEST",
            "vpc_config": []
          },
          "sensitive_attributes": [],
          "private": "eyJlMmJmYjczMC1lY2FhLTExZTYtOGY4OC0zNDM2M2JjN2M0YzAiOnsiY3JlYXRlIjo2MDAwMDAwMDAwMDB9fQ==",
          "dependencies": [
            "aws_iam_role.Publisher_and_Reprovisioning_Lambdas_Role"
          ]
        }
      ]
    },
    {
      "mode": "managed",
      "type": "aws_lambda_function",
      "name": "reprovisioning_lambda_func",
      "provider": "provider[\"registry.terraform.io/hashicorp/aws\"]",
      "instances": [
        {
          "schema_version": 0,
          "attributes": {
            "architectures": [
              "x86_64"
            ],
            "arn": "arn:aws:lambda:eu-west-1:414399442808:function:rbac-dev-reprovisioning",
            "code_signing_config_arn": "",
            "dead_letter_config": [],
            "description": "",
            "environment": [],
            "ephemeral_storage": [
              {
                "size": 512
              }
            ],
            "file_system_config": [],
            "filename": "Reprovisioning_Lambda.zip",
            "function_name": "rbac-dev-reprovisioning",
            "handler": "index.handler",
            "id": "rbac-dev-reprovisioning",
            "image_config": [],
            "image_uri": "",
            "invoke_arn": "arn:aws:apigateway:eu-west-1:lambda:path/2015-03-31/functions/arn:aws:lambda:eu-west-1:414399442808:function:rbac-dev-reprovisioning/invocations",
            "kms_key_arn": "",
            "last_modified": "2022-05-13T11:26:23.668+0000",
            "layers": [],
            "memory_size": 128,
            "package_type": "Zip",
            "publish": false,
            "qualified_arn": "arn:aws:lambda:eu-west-1:414399442808:function:rbac-dev-reprovisioning:$LATEST",
            "reserved_concurrent_executions": -1,
            "role": "arn:aws:iam::414399442808:role/rbac_lambda_access_to_sqs",
            "runtime": "python3.8",
            "s3_bucket": null,
            "s3_key": null,
            "s3_object_version": null,
            "signing_job_arn": "",
            "signing_profile_version_arn": "",
            "source_code_hash": "U8TEeNwRJpc9jk5hwCzTO0C/1RV838cFkeeciWoAf+I=",
            "source_code_size": 296,
            "tags": {},
            "tags_all": {},
            "timeout": 3,
            "timeouts": null,
            "tracing_config": [
              {
                "mode": "PassThrough"
              }
            ],
            "version": "$LATEST",
            "vpc_config": []
          },
          "sensitive_attributes": [],
          "private": "eyJlMmJmYjczMC1lY2FhLTExZTYtOGY4OC0zNDM2M2JjN2M0YzAiOnsiY3JlYXRlIjo2MDAwMDAwMDAwMDB9fQ==",
          "dependencies": [
            "aws_iam_role.Publisher_and_Reprovisioning_Lambdas_Role"
          ]
        }
      ]
    },
    {
      "mode": "managed",
      "type": "aws_lambda_permission",
      "name": "publisher_lambda_trigger",
      "provider": "provider[\"registry.terraform.io/hashicorp/aws\"]",
      "instances": [
        {
          "schema_version": 0,
          "attributes": {
            "action": "lambda:InvokeFunction",
            "event_source_token": null,
            "function_name": "rbac-dev-feeder",
            "function_url_auth_type": null,
            "id": "AllowExecutionFromAPIGateway",
            "principal": "apigateway.amazonaws.com",
            "principal_org_id": null,
            "qualifier": "",
            "source_account": null,
            "source_arn": "arn:aws:execute-api:eu-west-1:414399442808:llrkml6kgg/*/POST/provision",
            "statement_id": "AllowExecutionFromAPIGateway",
            "statement_id_prefix": ""
          },
          "sensitive_attributes": [],
          "private": "bnVsbA==",
          "dependencies": [
            "aws_api_gateway_method.publisher_lambda_method",
            "aws_api_gateway_resource.publisher_lambda_resource",
            "aws_api_gateway_rest_api.api_1",
            "aws_iam_role.Publisher_and_Reprovisioning_Lambdas_Role",
            "aws_lambda_function.publisher_lambda_func"
          ]
        }
      ]
    },
    {
      "mode": "managed",
      "type": "aws_lambda_permission",
      "name": "reprovisioning_lambda_trigger",
      "provider": "provider[\"registry.terraform.io/hashicorp/aws\"]",
      "instances": [
        {
          "schema_version": 0,
          "attributes": {
            "action": "lambda:InvokeFunction",
            "event_source_token": null,
            "function_name": "rbac-dev-reprovisioning",
            "function_url_auth_type": null,
            "id": "AllowExecutionFromAPIGateway",
            "principal": "apigateway.amazonaws.com",
            "principal_org_id": null,
            "qualifier": "",
            "source_account": null,
            "source_arn": "arn:aws:execute-api:eu-west-1:414399442808:llrkml6kgg/*/POST/reprovision",
            "statement_id": "AllowExecutionFromAPIGateway",
            "statement_id_prefix": ""
          },
          "sensitive_attributes": [],
          "private": "bnVsbA==",
          "dependencies": [
            "aws_api_gateway_method.reprovisioning_lambda_method",
            "aws_api_gateway_resource.reprovisioning_lambda_resource",
            "aws_api_gateway_rest_api.api_1",
            "aws_iam_role.Publisher_and_Reprovisioning_Lambdas_Role",
            "aws_lambda_function.reprovisioning_lambda_func"
          ]
        }
      ]
    },
    {
      "mode": "managed",
      "type": "aws_s3_bucket",
      "name": "rbac_s3_bucket",
      "provider": "provider[\"registry.terraform.io/hashicorp/aws\"]",
      "instances": [
        {
          "schema_version": 0,
          "attributes": {
            "acceleration_status": "",
            "acl": null,
            "arn": "arn:aws:s3:::rbac-businessrole-mappings-1",
            "bucket": "rbac-businessrole-mappings-1",
            "bucket_domain_name": "rbac-businessrole-mappings-1.s3.amazonaws.com",
            "bucket_prefix": null,
            "bucket_regional_domain_name": "rbac-businessrole-mappings-1.s3.eu-west-1.amazonaws.com",
            "cors_rule": [],
            "force_destroy": false,
            "grant": [
              {
                "id": "083b919f408f78db75dd7cb39d2a95de323930d245a5a2441c3f06a2a4b226a9",
                "permissions": [
                  "FULL_CONTROL"
                ],
                "type": "CanonicalUser",
                "uri": ""
              }
            ],
            "hosted_zone_id": "Z1BKCTXD74EZPE",
            "id": "rbac-businessrole-mappings-1",
            "lifecycle_rule": [],
            "logging": [],
            "object_lock_configuration": [],
            "object_lock_enabled": false,
            "policy": "",
            "region": "eu-west-1",
            "replication_configuration": [],
            "request_payer": "BucketOwner",
            "server_side_encryption_configuration": [],
            "tags": {},
            "tags_all": {},
            "versioning": [
              {
                "enabled": true,
                "mfa_delete": false
              }
            ],
            "website": [],
            "website_domain": null,
            "website_endpoint": null
          },
          "sensitive_attributes": [],
          "private": "bnVsbA=="
        }
      ]
    },
    {
      "mode": "managed",
      "type": "aws_s3_bucket_public_access_block",
      "name": "s3_bucket_access",
      "provider": "provider[\"registry.terraform.io/hashicorp/aws\"]",
      "instances": [
        {
          "schema_version": 0,
          "attributes": {
            "block_public_acls": true,
            "block_public_policy": true,
            "bucket": "rbac-businessrole-mappings-1",
            "id": "rbac-businessrole-mappings-1",
            "ignore_public_acls": true,
            "restrict_public_buckets": true
          },
          "sensitive_attributes": [],
          "private": "bnVsbA==",
          "dependencies": [
            "aws_s3_bucket.rbac_s3_bucket"
          ]
        }
      ]
    },
    {
      "mode": "managed",
      "type": "aws_s3_bucket_versioning",
      "name": "Bucket_versioning",
      "provider": "provider[\"registry.terraform.io/hashicorp/aws\"]",
      "instances": [
        {
          "schema_version": 0,
          "attributes": {
            "bucket": "rbac-businessrole-mappings-1",
            "expected_bucket_owner": "",
            "id": "rbac-businessrole-mappings-1",
            "mfa": null,
            "versioning_configuration": [
              {
                "mfa_delete": "",
                "status": "Enabled"
              }
            ]
          },
          "sensitive_attributes": [],
          "private": "bnVsbA==",
          "dependencies": [
            "aws_s3_bucket.rbac_s3_bucket"
          ]
        }
      ]
    },
    {
      "mode": "managed",
      "type": "aws_sqs_queue",
      "name": "deadletter_queue",
      "provider": "provider[\"registry.terraform.io/hashicorp/aws\"]",
      "instances": [
        {
          "schema_version": 0,
          "attributes": {
            "arn": "arn:aws:sqs:eu-west-1:414399442808:rbac-dev-provisioning-queue-dlq.fifo",
            "content_based_deduplication": false,
            "deduplication_scope": "queue",
            "delay_seconds": 0,
            "fifo_queue": true,
            "fifo_throughput_limit": "perQueue",
            "id": "https://sqs.eu-west-1.amazonaws.com/414399442808/rbac-dev-provisioning-queue-dlq.fifo",
            "kms_data_key_reuse_period_seconds": 300,
            "kms_master_key_id": "",
            "max_message_size": 262144,
            "message_retention_seconds": 86400,
            "name": "rbac-dev-provisioning-queue-dlq.fifo",
            "name_prefix": "",
            "policy": "",
            "receive_wait_time_seconds": 0,
            "redrive_allow_policy": "",
            "redrive_policy": "",
            "sqs_managed_sse_enabled": false,
            "tags": {},
            "tags_all": {},
            "url": "https://sqs.eu-west-1.amazonaws.com/414399442808/rbac-dev-provisioning-queue-dlq.fifo",
            "visibility_timeout_seconds": 30
          },
          "sensitive_attributes": [],
          "private": "bnVsbA=="
        }
      ]
    },
    {
      "mode": "managed",
      "type": "aws_sqs_queue",
      "name": "sqs_queue",
      "provider": "provider[\"registry.terraform.io/hashicorp/aws\"]",
      "instances": [
        {
          "schema_version": 0,
          "attributes": {
            "arn": "arn:aws:sqs:eu-west-1:414399442808:rbac-dev-provisioning-queue.fifo",
            "content_based_deduplication": false,
            "deduplication_scope": "queue",
            "delay_seconds": 90,
            "fifo_queue": true,
            "fifo_throughput_limit": "perQueue",
            "id": "https://sqs.eu-west-1.amazonaws.com/414399442808/rbac-dev-provisioning-queue.fifo",
            "kms_data_key_reuse_period_seconds": 300,
            "kms_master_key_id": "",
            "max_message_size": 2048,
            "message_retention_seconds": 86400,
            "name": "rbac-dev-provisioning-queue.fifo",
            "name_prefix": "",
            "policy": "",
            "receive_wait_time_seconds": 10,
            "redrive_allow_policy": "",
            "redrive_policy": "{\"deadLetterTargetArn\":\"arn:aws:sqs:eu-west-1:414399442808:rbac-dev-provisioning-queue-dlq.fifo\",\"maxReceiveCount\":3}",
            "sqs_managed_sse_enabled": false,
            "tags": {},
            "tags_all": {},
            "url": "https://sqs.eu-west-1.amazonaws.com/414399442808/rbac-dev-provisioning-queue.fifo",
            "visibility_timeout_seconds": 30
          },
          "sensitive_attributes": [],
          "private": "bnVsbA==",
          "dependencies": [
            "aws_sqs_queue.deadletter_queue"
          ]
        }
      ]
    }
  ]
}
